
Microsoft Visual Studio Solution File, Format Version 12.00
# Visual Studio Version 16
VisualStudioVersion = 16.0.29613.14
MinimumVisualStudioVersion = 10.0.40219.1
Project("{9A19103F-16F7-4668-BE54-9A1E7A4F7556}") = "LatePaymentsEu", "LatePaymentsEu\LatePaymentsEu.csproj", "{90D929B1-0676-42AC-922D-00607687B24C}"
EndProject
Project("{9A19103F-16F7-4668-BE54-9A1E7A4F7556}") = "LatePaymentsEUTests", "LatePaymentsEUTests\LatePaymentsEUTests.csproj", "{A01271CF-D739-47E2-BA9B-8816B363D741}"
EndProject
Project("{9A19103F-16F7-4668-BE54-9A1E7A4F7556}") = "LatePaymentsUI", "LatePaymentsUI\LatePaymentsUI.csproj", "{79357ED7-728E-477F-9BF7-26B4D4A06663}"
EndProject
Global
	GlobalSection(SolutionConfigurationPlatforms) = preSolution
		Debug|Any CPU = Debug|Any CPU
		Release|Any CPU = Release|Any CPU
	EndGlobalSection
	GlobalSection(ProjectConfigurationPlatforms) = postSolution
		{90D929B1-0676-42AC-922D-00607687B24C}.Debug|Any CPU.ActiveCfg = Debug|Any CPU
		{90D929B1-0676-42AC-922D-00607687B24C}.Debug|Any CPU.Build.0 = Debug|Any CPU
		{90D929B1-0676-42AC-922D-00607687B24C}.Release|Any CPU.ActiveCfg = Release|Any CPU
		{90D929B1-0676-42AC-922D-00607687B24C}.Release|Any CPU.Build.0 = Release|Any CPU
		{A01271CF-D739-47E2-BA9B-8816B363D741}.Debug|Any CPU.ActiveCfg = Debug|Any CPU
		{A01271CF-D739-47E2-BA9B-8816B363D741}.Debug|Any CPU.Build.0 = Debug|Any CPU
		{A01271CF-D739-47E2-BA9B-8816B363D741}.Release|Any CPU.ActiveCfg = Release|Any CPU
		{A01271CF-D739-47E2-BA9B-8816B363D741}.Release|Any CPU.Build.0 = Release|Any CPU
		{79357ED7-728E-477F-9BF7-26B4D4A06663}.Debug|Any CPU.ActiveCfg = Debug|Any CPU
		{79357ED7-728E-477F-9BF7-26B4D4A06663}.Debug|Any CPU.Build.0 = Debug|Any CPU
		{79357ED7-728E-477F-9BF7-26B4D4A06663}.Release|Any CPU.ActiveCfg = Release|Any CPU
		{79357ED7-728E-477F-9BF7-26B4D4A06663}.Release|Any CPU.Build.0 = Release|Any CPU
	EndGlobalSection
	GlobalSection(SolutionProperties) = preSolution
		HideSolutionNode = FALSE
	EndGlobalSection
	GlobalSection(ExtensibilityGlobals) = postSolution
		SolutionGuid = {5A95C8D2-EF4C-4EBB-AF0B-E5848F58D0D0}
	EndGlobalSection
EndGlobal
